
Microsoft Visual Studio Solution File, Format Version 12.00
# Visual Studio Version 16
VisualStudioVersion = 16.0.31515.178
MinimumVisualStudioVersion = 10.0.40219.1
Project("{FAE04EC0-301F-11D3-BF4B-00C04F79EFBC}") = "quick_lending", "quick_lending\quick_lending.csproj", "{5E199C20-6152-477B-8DE0-3F86F2EA40D1}"
EndProject
Project("{FAE04EC0-301F-11D3-BF4B-00C04F79EFBC}") = "DAL", "DAL\DAL.csproj", "{C23F619E-ECB7-4FBE-80E1-BA81AB8AC755}"
EndProject
Global
	GlobalSection(SolutionConfigurationPlatforms) = preSolution
		Debug|Any CPU = Debug|Any CPU
		Release|Any CPU = Release|Any CPU
	EndGlobalSection
	GlobalSection(ProjectConfigurationPlatforms) = postSolution
		{5E199C20-6152-477B-8DE0-3F86F2EA40D1}.Debug|Any CPU.ActiveCfg = Debug|Any CPU
		{5E199C20-6152-477B-8DE0-3F86F2EA40D1}.Debug|Any CPU.Build.0 = Debug|Any CPU
		{5E199C20-6152-477B-8DE0-3F86F2EA40D1}.Release|Any CPU.ActiveCfg = Release|Any CPU
		{5E199C20-6152-477B-8DE0-3F86F2EA40D1}.Release|Any CPU.Build.0 = Release|Any CPU
		{C23F619E-ECB7-4FBE-80E1-BA81AB8AC755}.Debug|Any CPU.ActiveCfg = Debug|Any CPU
		{C23F619E-ECB7-4FBE-80E1-BA81AB8AC755}.Debug|Any CPU.Build.0 = Debug|Any CPU
		{C23F619E-ECB7-4FBE-80E1-BA81AB8AC755}.Release|Any CPU.ActiveCfg = Release|Any CPU
		{C23F619E-ECB7-4FBE-80E1-BA81AB8AC755}.Release|Any CPU.Build.0 = Release|Any CPU
	EndGlobalSection
	GlobalSection(SolutionProperties) = preSolution
		HideSolutionNode = FALSE
	EndGlobalSection
	GlobalSection(ExtensibilityGlobals) = postSolution
		SolutionGuid = {10FC6D89-6B33-4A83-923B-1C4110A427B4}
	EndGlobalSection
EndGlobal
